
Microsoft Visual Studio Solution File, Format Version 12.00
# Visual Studio Version 16
VisualStudioVersion = 16.0.32802.440
MinimumVisualStudioVersion = 10.0.40219.1
Project("{9A19103F-16F7-4668-BE54-9A1E7A4F7556}") = "ManpreetBookStore", "ManpreetBookStore.csproj", "{17F1E7AF-B2FD-4F6C-8677-1C957BC6342B}"
EndProject
Project("{9A19103F-16F7-4668-BE54-9A1E7A4F7556}") = "ManpreetBooks.DataAccess", "..\ManpreetBooks.DataAccess\ManpreetBooks.DataAccess.csproj", "{6E8D687F-36C7-408C-8810-CD14AF80FFB1}"
EndProject
Project("{9A19103F-16F7-4668-BE54-9A1E7A4F7556}") = "ManpreetBooks.Utility", "..\ManpreetBooks.Utility\ManpreetBooks.Utility.csproj", "{D9392329-887F-4A46-979A-339F50A9EC43}"
EndProject
Project("{FAE04EC0-301F-11D3-BF4B-00C04F79EFBC}") = "ManpreetBooks.Models1", "..\ManpreetBooks.Models1\ManpreetBooks.Models1.csproj", "{66D93E27-6889-426A-A653-65A8FB9451F8}"
EndProject
Global
	GlobalSection(SolutionConfigurationPlatforms) = preSolution
		Debug|Any CPU = Debug|Any CPU
		Release|Any CPU = Release|Any CPU
	EndGlobalSection
	GlobalSection(ProjectConfigurationPlatforms) = postSolution
		{17F1E7AF-B2FD-4F6C-8677-1C957BC6342B}.Debug|Any CPU.ActiveCfg = Debug|Any CPU
		{17F1E7AF-B2FD-4F6C-8677-1C957BC6342B}.Debug|Any CPU.Build.0 = Debug|Any CPU
		{17F1E7AF-B2FD-4F6C-8677-1C957BC6342B}.Release|Any CPU.ActiveCfg = Release|Any CPU
		{17F1E7AF-B2FD-4F6C-8677-1C957BC6342B}.Release|Any CPU.Build.0 = Release|Any CPU
		{6E8D687F-36C7-408C-8810-CD14AF80FFB1}.Debug|Any CPU.ActiveCfg = Debug|Any CPU
		{6E8D687F-36C7-408C-8810-CD14AF80FFB1}.Debug|Any CPU.Build.0 = Debug|Any CPU
		{6E8D687F-36C7-408C-8810-CD14AF80FFB1}.Release|Any CPU.ActiveCfg = Release|Any CPU
		{6E8D687F-36C7-408C-8810-CD14AF80FFB1}.Release|Any CPU.Build.0 = Release|Any CPU
		{D9392329-887F-4A46-979A-339F50A9EC43}.Debug|Any CPU.ActiveCfg = Debug|Any CPU
		{D9392329-887F-4A46-979A-339F50A9EC43}.Debug|Any CPU.Build.0 = Debug|Any CPU
		{D9392329-887F-4A46-979A-339F50A9EC43}.Release|Any CPU.ActiveCfg = Release|Any CPU
		{D9392329-887F-4A46-979A-339F50A9EC43}.Release|Any CPU.Build.0 = Release|Any CPU
		{66D93E27-6889-426A-A653-65A8FB9451F8}.Debug|Any CPU.ActiveCfg = Debug|Any CPU
		{66D93E27-6889-426A-A653-65A8FB9451F8}.Debug|Any CPU.Build.0 = Debug|Any CPU
		{66D93E27-6889-426A-A653-65A8FB9451F8}.Release|Any CPU.ActiveCfg = Release|Any CPU
		{66D93E27-6889-426A-A653-65A8FB9451F8}.Release|Any CPU.Build.0 = Release|Any CPU
	EndGlobalSection
	GlobalSection(SolutionProperties) = preSolution
		HideSolutionNode = FALSE
	EndGlobalSection
	GlobalSection(ExtensibilityGlobals) = postSolution
		SolutionGuid = {80C318AC-EEBE-4C8A-8498-58E62CD5CD55}
	EndGlobalSection
EndGlobal
